
Microsoft Visual Studio Solution File, Format Version 12.00
# Visual Studio Version 17
VisualStudioVersion = 17.10.34916.146
MinimumVisualStudioVersion = 10.0.40219.1
Project("{FAE04EC0-301F-11D3-BF4B-00C04F79EFBC}") = "AwarenessWebsite", "AwarenessWebsite.csproj", "{0B59BA9B-2C8F-4933-98C0-42DABF3ED8C0}"
EndProject
Global
	GlobalSection(SolutionConfigurationPlatforms) = preSolution
		Debug|Any CPU = Debug|Any CPU
		Release|Any CPU = Release|Any CPU
	EndGlobalSection
	GlobalSection(ProjectConfigurationPlatforms) = postSolution
		{0B59BA9B-2C8F-4933-98C0-42DABF3ED8C0}.Debug|Any CPU.ActiveCfg = Debug|Any CPU
		{0B59BA9B-2C8F-4933-98C0-42DABF3ED8C0}.Debug|Any CPU.Build.0 = Debug|Any CPU
		{0B59BA9B-2C8F-4933-98C0-42DABF3ED8C0}.Release|Any CPU.ActiveCfg = Release|Any CPU
		{0B59BA9B-2C8F-4933-98C0-42DABF3ED8C0}.Release|Any CPU.Build.0 = Release|Any CPU
	EndGlobalSection
	GlobalSection(SolutionProperties) = preSolution
		HideSolutionNode = FALSE
	EndGlobalSection
	GlobalSection(ExtensibilityGlobals) = postSolution
		SolutionGuid = {69C15F0E-8072-482F-A017-D54BD1778F62}
	EndGlobalSection
EndGlobal
